
Microsoft Visual Studio Solution File, Format Version 12.00
# Visual Studio Version 17
VisualStudioVersion = 17.5.33516.290
MinimumVisualStudioVersion = 10.0.40219.1
Project("{9A19103F-16F7-4668-BE54-9A1E7A4F7556}") = "Chess", "Chess\Chess.csproj", "{FB004F0F-2FAC-46FB-A98D-97BC380B2C8A}"
EndProject
Global
	GlobalSection(SolutionConfigurationPlatforms) = preSolution
		Debug|Any CPU = Debug|Any CPU
		Release|Any CPU = Release|Any CPU
	EndGlobalSection
	GlobalSection(ProjectConfigurationPlatforms) = postSolution
		{FB004F0F-2FAC-46FB-A98D-97BC380B2C8A}.Debug|Any CPU.ActiveCfg = Debug|Any CPU
		{FB004F0F-2FAC-46FB-A98D-97BC380B2C8A}.Debug|Any CPU.Build.0 = Debug|Any CPU
		{FB004F0F-2FAC-46FB-A98D-97BC380B2C8A}.Release|Any CPU.ActiveCfg = Release|Any CPU
		{FB004F0F-2FAC-46FB-A98D-97BC380B2C8A}.Release|Any CPU.Build.0 = Release|Any CPU
	EndGlobalSection
	GlobalSection(SolutionProperties) = preSolution
		HideSolutionNode = FALSE
	EndGlobalSection
	GlobalSection(ExtensibilityGlobals) = postSolution
		SolutionGuid = {2DCF56F2-3885-4127-B27F-359389914040}
	EndGlobalSection
EndGlobal
